
Microsoft Visual Studio Solution File, Format Version 12.00
# Visual Studio Version 17
VisualStudioVersion = 17.6.33723.286
MinimumVisualStudioVersion = 10.0.40219.1
Project("{FAE04EC0-301F-11D3-BF4B-00C04F79EFBC}") = "TodoApp1", "TodoApp1\TodoApp1.csproj", "{A8E9288B-FCFD-4A27-B329-E6552702B9DD}"
EndProject
Global
	GlobalSection(SolutionConfigurationPlatforms) = preSolution
		Debug|Any CPU = Debug|Any CPU
		Release|Any CPU = Release|Any CPU
	EndGlobalSection
	GlobalSection(ProjectConfigurationPlatforms) = postSolution
		{A8E9288B-FCFD-4A27-B329-E6552702B9DD}.Debug|Any CPU.ActiveCfg = Debug|Any CPU
		{A8E9288B-FCFD-4A27-B329-E6552702B9DD}.Debug|Any CPU.Build.0 = Debug|Any CPU
		{A8E9288B-FCFD-4A27-B329-E6552702B9DD}.Release|Any CPU.ActiveCfg = Release|Any CPU
		{A8E9288B-FCFD-4A27-B329-E6552702B9DD}.Release|Any CPU.Build.0 = Release|Any CPU
	EndGlobalSection
	GlobalSection(SolutionProperties) = preSolution
		HideSolutionNode = FALSE
	EndGlobalSection
	GlobalSection(ExtensibilityGlobals) = postSolution
		SolutionGuid = {66978925-65B6-4C96-819A-E8254510F74E}
	EndGlobalSection
EndGlobal
